// !$*UTF8*$!
{
	archiveVersion = 1;
	classes = {
	};
	objectVersion = 48;
	objects = {

/* Begin PBXBuildFile section */
		4A0AD1552001C42C009EE36B /* AlbumCell.swift in Sources */ = {isa = PBXBuildFile; fileRef = 4A0AD1542001C42C009EE36B /* AlbumCell.swift */; };
		4A0AD1572001C560009EE36B /* AlbumListDataSource.swift in Sources */ = {isa = PBXBuildFile; fileRef = 4A0AD1562001C560009EE36B /* AlbumListDataSource.swift */; };
		4A0AD15A2001C70E009EE36B /* AlbumCellViewModel.swift in Sources */ = {isa = PBXBuildFile; fileRef = 4A0AD1592001C70E009EE36B /* AlbumCellViewModel.swift */; };
		4A0F5692200D97920076BD5D /* QueryItemProvider.swift in Sources */ = {isa = PBXBuildFile; fileRef = 4A0F5691200D97920076BD5D /* QueryItemProvider.swift */; };
		4A0F5694200D97AF0076BD5D /* ItunesEntity.swift in Sources */ = {isa = PBXBuildFile; fileRef = 4A0F5693200D97AF0076BD5D /* ItunesEntity.swift */; };
		4A0F5697200D9A3E0076BD5D /* ItunesAttribute.swift in Sources */ = {isa = PBXBuildFile; fileRef = 4A0F5696200D9A3E0076BD5D /* ItunesAttribute.swift */; };
		4A0F569A200D9C5B0076BD5D /* JSONDownloader.swift in Sources */ = {isa = PBXBuildFile; fileRef = 4A0F5699200D9C5B0076BD5D /* JSONDownloader.swift */; };
		4A0F569C200D9D2E0076BD5D /* ItunesError.swift in Sources */ = {isa = PBXBuildFile; fileRef = 4A0F569B200D9D2E0076BD5D /* ItunesError.swift */; };
		4A104ACD200D39740002D1DC /* AlbumDetailViewModel.swift in Sources */ = {isa = PBXBuildFile; fileRef = 4A104ACC200D39740002D1DC /* AlbumDetailViewModel.swift */; };
		4A104ACF200D44170002D1DC /* AlbumDetailDataSource.swift in Sources */ = {isa = PBXBuildFile; fileRef = 4A104ACE200D44170002D1DC /* AlbumDetailDataSource.swift */; };
		4A104AD1200D44680002D1DC /* SongCell.swift in Sources */ = {isa = PBXBuildFile; fileRef = 4A104AD0200D44680002D1DC /* SongCell.swift */; };
		4A104AD3200D460C0002D1DC /* SongViewModel.swift in Sources */ = {isa = PBXBuildFile; fileRef = 4A104AD2200D460C0002D1DC /* SongViewModel.swift */; };
		4A48FDC11FE8A73200EEEEC6 /* Artist.swift in Sources */ = {isa = PBXBuildFile; fileRef = 4A48FDC01FE8A73200EEEEC6 /* Artist.swift */; };
		4A48FDC31FE8A78500EEEEC6 /* Genre.swift in Sources */ = {isa = PBXBuildFile; fileRef = 4A48FDC21FE8A78500EEEEC6 /* Genre.swift */; };
		4A48FDC51FE8A7CF00EEEEC6 /* Album.swift in Sources */ = {isa = PBXBuildFile; fileRef = 4A48FDC41FE8A7CF00EEEEC6 /* Album.swift */; };
		4A48FDC71FE8ACB300EEEEC6 /* Song.swift in Sources */ = {isa = PBXBuildFile; fileRef = 4A48FDC61FE8ACB300EEEEC6 /* Song.swift */; };
		4A48FDCB1FE8B17400EEEEC6 /* SearchResultsController.swift in Sources */ = {isa = PBXBuildFile; fileRef = 4A48FDCA1FE8B17400EEEEC6 /* SearchResultsController.swift */; };
		4A48FDCE1FE8C6EE00EEEEC6 /* SearchResultsDataSource.swift in Sources */ = {isa = PBXBuildFile; fileRef = 4A48FDCD1FE8C6EE00EEEEC6 /* SearchResultsDataSource.swift */; };
		4A48FDD21FE8CBBF00EEEEC6 /* AlbumListController.swift in Sources */ = {isa = PBXBuildFile; fileRef = 4A48FDD11FE8CBBF00EEEEC6 /* AlbumListController.swift */; };
		4A67EEC0200D51FC00BC06B0 /* ItunesMedia.swift in Sources */ = {isa = PBXBuildFile; fileRef = 4A67EEBF200D51FC00BC06B0 /* ItunesMedia.swift */; };
		4A67EEC2200D524400BC06B0 /* Endpoint.swift in Sources */ = {isa = PBXBuildFile; fileRef = 4A67EEC1200D524400BC06B0 /* Endpoint.swift */; };
		4AAE926C200E958600181FCE /* ArtworkDownloader.swift in Sources */ = {isa = PBXBuildFile; fileRef = 4AAE926B200E958600181FCE /* ArtworkDownloader.swift */; };
		4AAE926F200E97EF00181FCE /* PendingOperations.swift in Sources */ = {isa = PBXBuildFile; fileRef = 4AAE926E200E97EF00181FCE /* PendingOperations.swift */; };
		4AE73520200DC068008DD565 /* ItunesAPIClient.swift in Sources */ = {isa = PBXBuildFile; fileRef = 4AE7351F200DC068008DD565 /* ItunesAPIClient.swift */; };
		4AF640E6200471D300C2F156 /* AlbumDetailController.swift in Sources */ = {isa = PBXBuildFile; fileRef = 4AF640E5200471D300C2F156 /* AlbumDetailController.swift */; };
		4AFF2CB71FE8A6BC00C97C1E /* AppDelegate.swift in Sources */ = {isa = PBXBuildFile; fileRef = 4AFF2CB61FE8A6BC00C97C1E /* AppDelegate.swift */; };
		4AFF2CBC1FE8A6BC00C97C1E /* Main.storyboard in Resources */ = {isa = PBXBuildFile; fileRef = 4AFF2CBA1FE8A6BC00C97C1E /* Main.storyboard */; };
		4AFF2CBE1FE8A6BC00C97C1E /* Assets.xcassets in Resources */ = {isa = PBXBuildFile; fileRef = 4AFF2CBD1FE8A6BC00C97C1E /* Assets.xcassets */; };
		4AFF2CC11FE8A6BC00C97C1E /* LaunchScreen.storyboard in Resources */ = {isa = PBXBuildFile; fileRef = 4AFF2CBF1FE8A6BC00C97C1E /* LaunchScreen.storyboard */; };
/* End PBXBuildFile section */

/* Begin PBXFileReference section */
		4A0AD1542001C42C009EE36B /* AlbumCell.swift */ = {isa = PBXFileReference; lastKnownFileType = sourcecode.swift; path = AlbumCell.swift; sourceTree = "<group>"; };
		4A0AD1562001C560009EE36B /* AlbumListDataSource.swift */ = {isa = PBXFileReference; lastKnownFileType = sourcecode.swift; path = AlbumListDataSource.swift; sourceTree = "<group>"; };
		4A0AD1592001C70E009EE36B /* AlbumCellViewModel.swift */ = {isa = PBXFileReference; lastKnownFileType = sourcecode.swift; path = AlbumCellViewModel.swift; sourceTree = "<group>"; };
		4A0F5691200D97920076BD5D /* QueryItemProvider.swift */ = {isa = PBXFileReference; lastKnownFileType = sourcecode.swift; path = QueryItemProvider.swift; sourceTree = "<group>"; };
		4A0F5693200D97AF0076BD5D /* ItunesEntity.swift */ = {isa = PBXFileReference; lastKnownFileType = sourcecode.swift; path = ItunesEntity.swift; sourceTree = "<group>"; };
		4A0F5696200D9A3E0076BD5D /* ItunesAttribute.swift */ = {isa = PBXFileReference; lastKnownFileType = sourcecode.swift; path = ItunesAttribute.swift; sourceTree = "<group>"; };
		4A0F5699200D9C5B0076BD5D /* JSONDownloader.swift */ = {isa = PBXFileReference; lastKnownFileType = sourcecode.swift; path = JSONDownloader.swift; sourceTree = "<group>"; };
		4A0F569B200D9D2E0076BD5D /* ItunesError.swift */ = {isa = PBXFileReference; lastKnownFileType = sourcecode.swift; path = ItunesError.swift; sourceTree = "<group>"; };
		4A104ACC200D39740002D1DC /* AlbumDetailViewModel.swift */ = {isa = PBXFileReference; lastKnownFileType = sourcecode.swift; path = AlbumDetailViewModel.swift; sourceTree = "<group>"; };
		4A104ACE200D44170002D1DC /* AlbumDetailDataSource.swift */ = {isa = PBXFileReference; lastKnownFileType = sourcecode.swift; path = AlbumDetailDataSource.swift; sourceTree = "<group>"; };
		4A104AD0200D44680002D1DC /* SongCell.swift */ = {isa = PBXFileReference; lastKnownFileType = sourcecode.swift; path = SongCell.swift; sourceTree = "<group>"; };
		4A104AD2200D460C0002D1DC /* SongViewModel.swift */ = {isa = PBXFileReference; lastKnownFileType = sourcecode.swift; path = SongViewModel.swift; sourceTree = "<group>"; };
		4A48FDC01FE8A73200EEEEC6 /* Artist.swift */ = {isa = PBXFileReference; lastKnownFileType = sourcecode.swift; path = Artist.swift; sourceTree = "<group>"; };
		4A48FDC21FE8A78500EEEEC6 /* Genre.swift */ = {isa = PBXFileReference; lastKnownFileType = sourcecode.swift; path = Genre.swift; sourceTree = "<group>"; };
		4A48FDC41FE8A7CF00EEEEC6 /* Album.swift */ = {isa = PBXFileReference; lastKnownFileType = sourcecode.swift; path = Album.swift; sourceTree = "<group>"; };
		4A48FDC61FE8ACB300EEEEC6 /* Song.swift */ = {isa = PBXFileReference; lastKnownFileType = sourcecode.swift; path = Song.swift; sourceTree = "<group>"; };
		4A48FDCA1FE8B17400EEEEC6 /* SearchResultsController.swift */ = {isa = PBXFileReference; lastKnownFileType = sourcecode.swift; path = SearchResultsController.swift; sourceTree = "<group>"; };
		4A48FDCD1FE8C6EE00EEEEC6 /* SearchResultsDataSource.swift */ = {isa = PBXFileReference; lastKnownFileType = sourcecode.swift; path = SearchResultsDataSource.swift; sourceTree = "<group>"; };
		4A48FDD11FE8CBBF00EEEEC6 /* AlbumListController.swift */ = {isa = PBXFileReference; lastKnownFileType = sourcecode.swift; path = AlbumListController.swift; sourceTree = "<group>"; };
		4A67EEBF200D51FC00BC06B0 /* ItunesMedia.swift */ = {isa = PBXFileReference; lastKnownFileType = sourcecode.swift; path = ItunesMedia.swift; sourceTree = "<group>"; };
		4A67EEC1200D524400BC06B0 /* Endpoint.swift */ = {isa = PBXFileReference; lastKnownFileType = sourcecode.swift; path = Endpoint.swift; sourceTree = "<group>"; };
		4AAE926B200E958600181FCE /* ArtworkDownloader.swift */ = {isa = PBXFileReference; lastKnownFileType = sourcecode.swift; path = ArtworkDownloader.swift; sourceTree = "<group>"; };
		4AAE926E200E97EF00181FCE /* PendingOperations.swift */ = {isa = PBXFileReference; lastKnownFileType = sourcecode.swift; path = PendingOperations.swift; sourceTree = "<group>"; };
		4AE7351F200DC068008DD565 /* ItunesAPIClient.swift */ = {isa = PBXFileReference; lastKnownFileType = sourcecode.swift; path = ItunesAPIClient.swift; sourceTree = "<group>"; };
		4AF640E5200471D300C2F156 /* AlbumDetailController.swift */ = {isa = PBXFileReference; lastKnownFileType = sourcecode.swift; path = AlbumDetailController.swift; sourceTree = "<group>"; };
		4AFF2CB31FE8A6BC00C97C1E /* itunesclient.app */ = {isa = PBXFileReference; explicitFileType = wrapper.application; includeInIndex = 0; path = itunesclient.app; sourceTree = BUILT_PRODUCTS_DIR; };
		4AFF2CB61FE8A6BC00C97C1E /* AppDelegate.swift */ = {isa = PBXFileReference; lastKnownFileType = sourcecode.swift; path = AppDelegate.swift; sourceTree = "<group>"; };
		4AFF2CBB1FE8A6BC00C97C1E /* Base */ = {isa = PBXFileReference; lastKnownFileType = file.storyboard; name = Base; path = Base.lproj/Main.storyboard; sourceTree = "<group>"; };
		4AFF2CBD1FE8A6BC00C97C1E /* Assets.xcassets */ = {isa = PBXFileReference; lastKnownFileType = folder.assetcatalog; path = Assets.xcassets; sourceTree = "<group>"; };
		4AFF2CC01FE8A6BC00C97C1E /* Base */ = {isa = PBXFileReference; lastKnownFileType = file.storyboard; name = Base; path = Base.lproj/LaunchScreen.storyboard; sourceTree = "<group>"; };
		4AFF2CC21FE8A6BC00C97C1E /* Info.plist */ = {isa = PBXFileReference; lastKnownFileType = text.plist.xml; path = Info.plist; sourceTree = "<group>"; };
/* End PBXFileReference section */

/* Begin PBXFrameworksBuildPhase section */
		4AFF2CB01FE8A6BC00C97C1E /* Frameworks */ = {
			isa = PBXFrameworksBuildPhase;
			buildActionMask = 2147483647;
			files = (
			);
			runOnlyForDeploymentPostprocessing = 0;
		};
/* End PBXFrameworksBuildPhase section */

/* Begin PBXGroup section */
		4A0AD1582001C6F9009EE36B /* View Models */ = {
			isa = PBXGroup;
			children = (
				4A0AD1592001C70E009EE36B /* AlbumCellViewModel.swift */,
				4A104ACC200D39740002D1DC /* AlbumDetailViewModel.swift */,
				4A104AD2200D460C0002D1DC /* SongViewModel.swift */,
			);
			path = "View Models";
			sourceTree = "<group>";
		};
		4A0F5695200D97B50076BD5D /* Itunes */ = {
			isa = PBXGroup;
			children = (
				4A0F5696200D9A3E0076BD5D /* ItunesAttribute.swift */,
				4A0F5693200D97AF0076BD5D /* ItunesEntity.swift */,
				4A67EEBF200D51FC00BC06B0 /* ItunesMedia.swift */,
			);
			path = Itunes;
			sourceTree = "<group>";
		};
		4A0F5698200D9C420076BD5D /* Networking */ = {
			isa = PBXGroup;
			children = (
				4AAE926D200E97DF00181FCE /* Artwork */,
				4A0F5699200D9C5B0076BD5D /* JSONDownloader.swift */,
				4AE7351F200DC068008DD565 /* ItunesAPIClient.swift */,
				4A0F569B200D9D2E0076BD5D /* ItunesError.swift */,
			);
			path = Networking;
			sourceTree = "<group>";
		};
		4A48FDBD1FE8A70300EEEEC6 /* Models */ = {
			isa = PBXGroup;
			children = (
				4A67EEBE200D51DC00BC06B0 /* Endpoint */,
				4A48FDC41FE8A7CF00EEEEC6 /* Album.swift */,
				4A48FDC01FE8A73200EEEEC6 /* Artist.swift */,
				4A48FDC21FE8A78500EEEEC6 /* Genre.swift */,
				4A48FDC61FE8ACB300EEEEC6 /* Song.swift */,
			);
			path = Models;
			sourceTree = "<group>";
		};
		4A48FDBE1FE8A70B00EEEEC6 /* Views */ = {
			isa = PBXGroup;
			children = (
				4A0AD1542001C42C009EE36B /* AlbumCell.swift */,
				4A104AD0200D44680002D1DC /* SongCell.swift */,
			);
			path = Views;
			sourceTree = "<group>";
		};
		4A48FDBF1FE8A71100EEEEC6 /* Controllers */ = {
			isa = PBXGroup;
			children = (
				4A48FDD11FE8CBBF00EEEEC6 /* AlbumListController.swift */,
				4AF640E5200471D300C2F156 /* AlbumDetailController.swift */,
				4A48FDCA1FE8B17400EEEEC6 /* SearchResultsController.swift */,
			);
			path = Controllers;
			sourceTree = "<group>";
		};
		4A48FDCC1FE8C6D100EEEEC6 /* DataSources */ = {
			isa = PBXGroup;
			children = (
				4A0AD1562001C560009EE36B /* AlbumListDataSource.swift */,
				4A104ACE200D44170002D1DC /* AlbumDetailDataSource.swift */,
				4A48FDCD1FE8C6EE00EEEEC6 /* SearchResultsDataSource.swift */,
			);
			path = DataSources;
			sourceTree = "<group>";
		};
		4A67EEBE200D51DC00BC06B0 /* Endpoint */ = {
			isa = PBXGroup;
			children = (
				4A0F5695200D97B50076BD5D /* Itunes */,
				4A67EEC1200D524400BC06B0 /* Endpoint.swift */,
				4A0F5691200D97920076BD5D /* QueryItemProvider.swift */,
			);
			path = Endpoint;
			sourceTree = "<group>";
		};
		4AAE926D200E97DF00181FCE /* Artwork */ = {
			isa = PBXGroup;
			children = (
				4AAE926B200E958600181FCE /* ArtworkDownloader.swift */,
				4AAE926E200E97EF00181FCE /* PendingOperations.swift */,
			);
			path = Artwork;
			sourceTree = "<group>";
		};
		4AFF2CAA1FE8A6BC00C97C1E = {
			isa = PBXGroup;
			children = (
				4AFF2CB51FE8A6BC00C97C1E /* itunesclient */,
				4AFF2CB41FE8A6BC00C97C1E /* Products */,
			);
			sourceTree = "<group>";
		};
		4AFF2CB41FE8A6BC00C97C1E /* Products */ = {
			isa = PBXGroup;
			children = (
				4AFF2CB31FE8A6BC00C97C1E /* itunesclient.app */,
			);
			name = Products;
			sourceTree = "<group>";
		};
		4AFF2CB51FE8A6BC00C97C1E /* itunesclient */ = {
			isa = PBXGroup;
			children = (
				4A48FDCC1FE8C6D100EEEEC6 /* DataSources */,
				4A48FDBD1FE8A70300EEEEC6 /* Models */,
				4A0F5698200D9C420076BD5D /* Networking */,
				4A48FDBE1FE8A70B00EEEEC6 /* Views */,
				4A0AD1582001C6F9009EE36B /* View Models */,
				4A48FDBF1FE8A71100EEEEC6 /* Controllers */,
				4AFF2CB61FE8A6BC00C97C1E /* AppDelegate.swift */,
				4AFF2CBA1FE8A6BC00C97C1E /* Main.storyboard */,
				4AFF2CBD1FE8A6BC00C97C1E /* Assets.xcassets */,
				4AFF2CBF1FE8A6BC00C97C1E /* LaunchScreen.storyboard */,
				4AFF2CC21FE8A6BC00C97C1E /* Info.plist */,
			);
			path = itunesclient;
			sourceTree = "<group>";
		};
/* End PBXGroup section */

/* Begin PBXNativeTarget section */
		4AFF2CB21FE8A6BC00C97C1E /* itunesclient */ = {
			isa = PBXNativeTarget;
			buildConfigurationList = 4AFF2CC51FE8A6BC00C97C1E /* Build configuration list for PBXNativeTarget "itunesclient" */;
			buildPhases = (
				4AFF2CAF1FE8A6BC00C97C1E /* Sources */,
				4AFF2CB01FE8A6BC00C97C1E /* Frameworks */,
				4AFF2CB11FE8A6BC00C97C1E /* Resources */,
			);
			buildRules = (
			);
			dependencies = (
			);
			name = itunesclient;
			productName = itunesclient;
			productReference = 4AFF2CB31FE8A6BC00C97C1E /* itunesclient.app */;
			productType = "com.apple.product-type.application";
		};
/* End PBXNativeTarget section */

/* Begin PBXProject section */
		4AFF2CAB1FE8A6BC00C97C1E /* Project object */ = {
			isa = PBXProject;
			attributes = {
				LastSwiftUpdateCheck = 0920;
				LastUpgradeCheck = 0920;
				ORGANIZATIONNAME = "Mohammed Al-Dahleh";
				TargetAttributes = {
					4AFF2CB21FE8A6BC00C97C1E = {
						CreatedOnToolsVersion = 9.2;
						ProvisioningStyle = Automatic;
					};
				};
			};
			buildConfigurationList = 4AFF2CAE1FE8A6BC00C97C1E /* Build configuration list for PBXProject "itunesclient" */;
			compatibilityVersion = "Xcode 8.0";
			developmentRegion = en;
			hasScannedForEncodings = 0;
			knownRegions = (
				en,
				Base,
			);
			mainGroup = 4AFF2CAA1FE8A6BC00C97C1E;
			productRefGroup = 4AFF2CB41FE8A6BC00C97C1E /* Products */;
			projectDirPath = "";
			projectRoot = "";
			targets = (
				4AFF2CB21FE8A6BC00C97C1E /* itunesclient */,
			);
		};
/* End PBXProject section */

/* Begin PBXResourcesBuildPhase section */
		4AFF2CB11FE8A6BC00C97C1E /* Resources */ = {
			isa = PBXResourcesBuildPhase;
			buildActionMask = 2147483647;
			files = (
				4AFF2CC11FE8A6BC00C97C1E /* LaunchScreen.storyboard in Resources */,
				4AFF2CBE1FE8A6BC00C97C1E /* Assets.xcassets in Resources */,
				4AFF2CBC1FE8A6BC00C97C1E /* Main.storyboard in Resources */,
			);
			runOnlyForDeploymentPostprocessing = 0;
		};
/* End PBXResourcesBuildPhase section */

/* Begin PBXSourcesBuildPhase section */
		4AFF2CAF1FE8A6BC00C97C1E /* Sources */ = {
			isa = PBXSourcesBuildPhase;
			buildActionMask = 2147483647;
			files = (
				4A0F569C200D9D2E0076BD5D /* ItunesError.swift in Sources */,
				4A0F569A200D9C5B0076BD5D /* JSONDownloader.swift in Sources */,
				4AAE926C200E958600181FCE /* ArtworkDownloader.swift in Sources */,
				4AAE926F200E97EF00181FCE /* PendingOperations.swift in Sources */,
				4A48FDC71FE8ACB300EEEEC6 /* Song.swift in Sources */,
				4A104AD3200D460C0002D1DC /* SongViewModel.swift in Sources */,
				4A0F5694200D97AF0076BD5D /* ItunesEntity.swift in Sources */,
				4A48FDC11FE8A73200EEEEC6 /* Artist.swift in Sources */,
				4A0AD15A2001C70E009EE36B /* AlbumCellViewModel.swift in Sources */,
				4A48FDCE1FE8C6EE00EEEEC6 /* SearchResultsDataSource.swift in Sources */,
				4A104ACF200D44170002D1DC /* AlbumDetailDataSource.swift in Sources */,
				4A0AD1572001C560009EE36B /* AlbumListDataSource.swift in Sources */,
				4AF640E6200471D300C2F156 /* AlbumDetailController.swift in Sources */,
				4A0F5692200D97920076BD5D /* QueryItemProvider.swift in Sources */,
				4A48FDD21FE8CBBF00EEEEC6 /* AlbumListController.swift in Sources */,
				4AE73520200DC068008DD565 /* ItunesAPIClient.swift in Sources */,
				4A104AD1200D44680002D1DC /* SongCell.swift in Sources */,
				4A48FDCB1FE8B17400EEEEC6 /* SearchResultsController.swift in Sources */,
				4AFF2CB71FE8A6BC00C97C1E /* AppDelegate.swift in Sources */,
				4A0F5697200D9A3E0076BD5D /* ItunesAttribute.swift in Sources */,
				4A67EEC2200D524400BC06B0 /* Endpoint.swift in Sources */,
				4A48FDC31FE8A78500EEEEC6 /* Genre.swift in Sources */,
				4A0AD1552001C42C009EE36B /* AlbumCell.swift in Sources */,
				4A67EEC0200D51FC00BC06B0 /* ItunesMedia.swift in Sources */,
				4A48FDC51FE8A7CF00EEEEC6 /* Album.swift in Sources */,
				4A104ACD200D39740002D1DC /* AlbumDetailViewModel.swift in Sources */,
			);
			runOnlyForDeploymentPostprocessing = 0;
		};
/* End PBXSourcesBuildPhase section */

/* Begin PBXVariantGroup section */
		4AFF2CBA1FE8A6BC00C97C1E /* Main.storyboard */ = {
			isa = PBXVariantGroup;
			children = (
				4AFF2CBB1FE8A6BC00C97C1E /* Base */,
			);
			name = Main.storyboard;
			sourceTree = "<group>";
		};
		4AFF2CBF1FE8A6BC00C97C1E /* LaunchScreen.storyboard */ = {
			isa = PBXVariantGroup;
			children = (
				4AFF2CC01FE8A6BC00C97C1E /* Base */,
			);
			name = LaunchScreen.storyboard;
			sourceTree = "<group>";
		};
/* End PBXVariantGroup section */

/* Begin XCBuildConfiguration section */
		4AFF2CC31FE8A6BC00C97C1E /* Debug */ = {
			isa = XCBuildConfiguration;
			buildSettings = {
				ALWAYS_SEARCH_USER_PATHS = NO;
				CLANG_ANALYZER_NONNULL = YES;
				CLANG_ANALYZER_NUMBER_OBJECT_CONVERSION = YES_AGGRESSIVE;
				CLANG_CXX_LANGUAGE_STANDARD = "gnu++14";
				CLANG_CXX_LIBRARY = "libc++";
				CLANG_ENABLE_MODULES = YES;
				CLANG_ENABLE_OBJC_ARC = YES;
				CLANG_WARN_BLOCK_CAPTURE_AUTORELEASING = YES;
				CLANG_WARN_BOOL_CONVERSION = YES;
				CLANG_WARN_COMMA = YES;
				CLANG_WARN_CONSTANT_CONVERSION = YES;
				CLANG_WARN_DIRECT_OBJC_ISA_USAGE = YES_ERROR;
				CLANG_WARN_DOCUMENTATION_COMMENTS = YES;
				CLANG_WARN_EMPTY_BODY = YES;
				CLANG_WARN_ENUM_CONVERSION = YES;
				CLANG_WARN_INFINITE_RECURSION = YES;
				CLANG_WARN_INT_CONVERSION = YES;
				CLANG_WARN_NON_LITERAL_NULL_CONVERSION = YES;
				CLANG_WARN_OBJC_LITERAL_CONVERSION = YES;
				CLANG_WARN_OBJC_ROOT_CLASS = YES_ERROR;
				CLANG_WARN_RANGE_LOOP_ANALYSIS = YES;
				CLANG_WARN_STRICT_PROTOTYPES = YES;
				CLANG_WARN_SUSPICIOUS_MOVE = YES;
				CLANG_WARN_UNGUARDED_AVAILABILITY = YES_AGGRESSIVE;
				CLANG_WARN_UNREACHABLE_CODE = YES;
				CLANG_WARN__DUPLICATE_METHOD_MATCH = YES;
				CODE_SIGN_IDENTITY = "iPhone Developer";
				COPY_PHASE_STRIP = NO;
				DEBUG_INFORMATION_FORMAT = dwarf;
				ENABLE_STRICT_OBJC_MSGSEND = YES;
				ENABLE_TESTABILITY = YES;
				GCC_C_LANGUAGE_STANDARD = gnu11;
				GCC_DYNAMIC_NO_PIC = NO;
				GCC_NO_COMMON_BLOCKS = YES;
				GCC_OPTIMIZATION_LEVEL = 0;
				GCC_PREPROCESSOR_DEFINITIONS = (
					"DEBUG=1",
					"$(inherited)",
				);
				GCC_WARN_64_TO_32_BIT_CONVERSION = YES;
				GCC_WARN_ABOUT_RETURN_TYPE = YES_ERROR;
				GCC_WARN_UNDECLARED_SELECTOR = YES;
				GCC_WARN_UNINITIALIZED_AUTOS = YES_AGGRESSIVE;
				GCC_WARN_UNUSED_FUNCTION = YES;
				GCC_WARN_UNUSED_VARIABLE = YES;
				IPHONEOS_DEPLOYMENT_TARGET = 11.2;
				MTL_ENABLE_DEBUG_INFO = YES;
				ONLY_ACTIVE_ARCH = YES;
				SDKROOT = iphoneos;
				SWIFT_ACTIVE_COMPILATION_CONDITIONS = DEBUG;
				SWIFT_OPTIMIZATION_LEVEL = "-Onone";
			};
			name = Debug;
		};
		4AFF2CC41FE8A6BC00C97C1E /* Release */ = {
			isa = XCBuildConfiguration;
			buildSettings = {
				ALWAYS_SEARCH_USER_PATHS = NO;
				CLANG_ANALYZER_NONNULL = YES;
				CLANG_ANALYZER_NUMBER_OBJECT_CONVERSION = YES_AGGRESSIVE;
				CLANG_CXX_LANGUAGE_STANDARD = "gnu++14";
				CLANG_CXX_LIBRARY = "libc++";
				CLANG_ENABLE_MODULES = YES;
				CLANG_ENABLE_OBJC_ARC = YES;
				CLANG_WARN_BLOCK_CAPTURE_AUTORELEASING = YES;
				CLANG_WARN_BOOL_CONVERSION = YES;
				CLANG_WARN_COMMA = YES;
				CLANG_WARN_CONSTANT_CONVERSION = YES;
				CLANG_WARN_DIRECT_OBJC_ISA_USAGE = YES_ERROR;
				CLANG_WARN_DOCUMENTATION_COMMENTS = YES;
				CLANG_WARN_EMPTY_BODY = YES;
				CLANG_WARN_ENUM_CONVERSION = YES;
				CLANG_WARN_INFINITE_RECURSION = YES;
				CLANG_WARN_INT_CONVERSION = YES;
				CLANG_WARN_NON_LITERAL_NULL_CONVERSION = YES;
				CLANG_WARN_OBJC_LITERAL_CONVERSION = YES;
				CLANG_WARN_OBJC_ROOT_CLASS = YES_ERROR;
				CLANG_WARN_RANGE_LOOP_ANALYSIS = YES;
				CLANG_WARN_STRICT_PROTOTYPES = YES;
				CLANG_WARN_SUSPICIOUS_MOVE = YES;
				CLANG_WARN_UNGUARDED_AVAILABILITY = YES_AGGRESSIVE;
				CLANG_WARN_UNREACHABLE_CODE = YES;
				CLANG_WARN__DUPLICATE_METHOD_MATCH = YES;
				CODE_SIGN_IDENTITY = "iPhone Developer";
				COPY_PHASE_STRIP = NO;
				DEBUG_INFORMATION_FORMAT = "dwarf-with-dsym";
				ENABLE_NS_ASSERTIONS = NO;
				ENABLE_STRICT_OBJC_MSGSEND = YES;
				GCC_C_LANGUAGE_STANDARD = gnu11;
				GCC_NO_COMMON_BLOCKS = YES;
				GCC_WARN_64_TO_32_BIT_CONVERSION = YES;
				GCC_WARN_ABOUT_RETURN_TYPE = YES_ERROR;
				GCC_WARN_UNDECLARED_SELECTOR = YES;
				GCC_WARN_UNINITIALIZED_AUTOS = YES_AGGRESSIVE;
				GCC_WARN_UNUSED_FUNCTION = YES;
				GCC_WARN_UNUSED_VARIABLE = YES;
				IPHONEOS_DEPLOYMENT_TARGET = 11.2;
				MTL_ENABLE_DEBUG_INFO = NO;
				SDKROOT = iphoneos;
				SWIFT_OPTIMIZATION_LEVEL = "-Owholemodule";
				VALIDATE_PRODUCT = YES;
			};
			name = Release;
		};
		4AFF2CC61FE8A6BC00C97C1E /* Debug */ = {
			isa = XCBuildConfiguration;
			buildSettings = {
				ASSETCATALOG_COMPILER_APPICON_NAME = AppIcon;
				CODE_SIGN_STYLE = Automatic;
				DEVELOPMENT_TEAM = BK6SYNX968;
				INFOPLIST_FILE = itunesclient/Info.plist;
				LD_RUNPATH_SEARCH_PATHS = "$(inherited) @executable_path/Frameworks";
				PRODUCT_BUNDLE_IDENTIFIER = io.maldahleh.itunesclient;
				PRODUCT_NAME = "$(TARGET_NAME)";
				SWIFT_VERSION = 4.0;
				TARGETED_DEVICE_FAMILY = "1,2";
			};
			name = Debug;
		};
		4AFF2CC71FE8A6BC00C97C1E /* Release */ = {
			isa = XCBuildConfiguration;
			buildSettings = {
				ASSETCATALOG_COMPILER_APPICON_NAME = AppIcon;
				CODE_SIGN_STYLE = Automatic;
				DEVELOPMENT_TEAM = BK6SYNX968;
				INFOPLIST_FILE = itunesclient/Info.plist;
				LD_RUNPATH_SEARCH_PATHS = "$(inherited) @executable_path/Frameworks";
				PRODUCT_BUNDLE_IDENTIFIER = io.maldahleh.itunesclient;
				PRODUCT_NAME = "$(TARGET_NAME)";
				SWIFT_VERSION = 4.0;
				TARGETED_DEVICE_FAMILY = "1,2";
			};
			name = Release;
		};
/* End XCBuildConfiguration section */

/* Begin XCConfigurationList section */
		4AFF2CAE1FE8A6BC00C97C1E /* Build configuration list for PBXProject "itunesclient" */ = {
			isa = XCConfigurationList;
			buildConfigurations = (
				4AFF2CC31FE8A6BC00C97C1E /* Debug */,
				4AFF2CC41FE8A6BC00C97C1E /* Release */,
			);
			defaultConfigurationIsVisible = 0;
			defaultConfigurationName = Release;
		};
		4AFF2CC51FE8A6BC00C97C1E /* Build configuration list for PBXNativeTarget "itunesclient" */ = {
			isa = XCConfigurationList;
			buildConfigurations = (
				4AFF2CC61FE8A6BC00C97C1E /* Debug */,
				4AFF2CC71FE8A6BC00C97C1E /* Release */,
			);
			defaultConfigurationIsVisible = 0;
			defaultConfigurationName = Release;
		};
/* End XCConfigurationList section */
	};
	rootObject = 4AFF2CAB1FE8A6BC00C97C1E /* Project object */;
}
